
Microsoft Visual Studio Solution File, Format Version 12.00
# Visual Studio Version 17
VisualStudioVersion = 17.6.33815.320
MinimumVisualStudioVersion = 10.0.40219.1
Project("{FAE04EC0-301F-11D3-BF4B-00C04F79EFBC}") = "CSharpUtils", "CSharpUtils\CSharpUtils.csproj", "{B5E64303-02EC-417E-AD9C-6755178C7A4B}"
EndProject
Project("{FAE04EC0-301F-11D3-BF4B-00C04F79EFBC}") = "CSharpUtilsTest", "CSharpUtilsTest\CSharpUtilsTest.csproj", "{F862E93F-0D33-4AED-AAB1-EF9F163C30BF}"
EndProject
Global
	GlobalSection(SolutionConfigurationPlatforms) = preSolution
		Debug|Any CPU = Debug|Any CPU
		Release|Any CPU = Release|Any CPU
	EndGlobalSection
	GlobalSection(ProjectConfigurationPlatforms) = postSolution
		{B5E64303-02EC-417E-AD9C-6755178C7A4B}.Debug|Any CPU.ActiveCfg = Debug|Any CPU
		{B5E64303-02EC-417E-AD9C-6755178C7A4B}.Debug|Any CPU.Build.0 = Debug|Any CPU
		{B5E64303-02EC-417E-AD9C-6755178C7A4B}.Release|Any CPU.ActiveCfg = Release|Any CPU
		{B5E64303-02EC-417E-AD9C-6755178C7A4B}.Release|Any CPU.Build.0 = Release|Any CPU
		{F862E93F-0D33-4AED-AAB1-EF9F163C30BF}.Debug|Any CPU.ActiveCfg = Debug|Any CPU
		{F862E93F-0D33-4AED-AAB1-EF9F163C30BF}.Debug|Any CPU.Build.0 = Debug|Any CPU
		{F862E93F-0D33-4AED-AAB1-EF9F163C30BF}.Release|Any CPU.ActiveCfg = Release|Any CPU
		{F862E93F-0D33-4AED-AAB1-EF9F163C30BF}.Release|Any CPU.Build.0 = Release|Any CPU
	EndGlobalSection
	GlobalSection(SolutionProperties) = preSolution
		HideSolutionNode = FALSE
	EndGlobalSection
	GlobalSection(ExtensibilityGlobals) = postSolution
		SolutionGuid = {A8AA3286-1EE9-4BF7-8BF9-9D7DA16077ED}
	EndGlobalSection
EndGlobal
